
Microsoft Visual Studio Solution File, Format Version 12.00
# Visual Studio Version 17
VisualStudioVersion = 17.11.35219.272
MinimumVisualStudioVersion = 10.0.40219.1
Project("{FAE04EC0-301F-11D3-BF4B-00C04F79EFBC}") = "Forum_Ayoub_abdedaim", "Forum_Ayoub_abdedaim\Forum_Ayoub_abdedaim.csproj", "{A9A473F5-ABD2-466A-8D0B-7AB9305E75ED}"
EndProject
Project("{FAE04EC0-301F-11D3-BF4B-00C04F79EFBC}") = "DAO", "DAO\DAO.csproj", "{4CC4423A-7151-48F6-B94F-81C91F9C4351}"
EndProject
Project("{FAE04EC0-301F-11D3-BF4B-00C04F79EFBC}") = "Services", "Services\Services.csproj", "{CF5D026F-783C-4E8C-BAA9-ECC1E2252EBF}"
EndProject
Global
	GlobalSection(SolutionConfigurationPlatforms) = preSolution
		Debug|Any CPU = Debug|Any CPU
		Release|Any CPU = Release|Any CPU
	EndGlobalSection
	GlobalSection(ProjectConfigurationPlatforms) = postSolution
		{A9A473F5-ABD2-466A-8D0B-7AB9305E75ED}.Debug|Any CPU.ActiveCfg = Debug|Any CPU
		{A9A473F5-ABD2-466A-8D0B-7AB9305E75ED}.Debug|Any CPU.Build.0 = Debug|Any CPU
		{A9A473F5-ABD2-466A-8D0B-7AB9305E75ED}.Release|Any CPU.ActiveCfg = Release|Any CPU
		{A9A473F5-ABD2-466A-8D0B-7AB9305E75ED}.Release|Any CPU.Build.0 = Release|Any CPU
		{4CC4423A-7151-48F6-B94F-81C91F9C4351}.Debug|Any CPU.ActiveCfg = Debug|Any CPU
		{4CC4423A-7151-48F6-B94F-81C91F9C4351}.Debug|Any CPU.Build.0 = Debug|Any CPU
		{4CC4423A-7151-48F6-B94F-81C91F9C4351}.Release|Any CPU.ActiveCfg = Release|Any CPU
		{4CC4423A-7151-48F6-B94F-81C91F9C4351}.Release|Any CPU.Build.0 = Release|Any CPU
		{CF5D026F-783C-4E8C-BAA9-ECC1E2252EBF}.Debug|Any CPU.ActiveCfg = Debug|Any CPU
		{CF5D026F-783C-4E8C-BAA9-ECC1E2252EBF}.Debug|Any CPU.Build.0 = Debug|Any CPU
		{CF5D026F-783C-4E8C-BAA9-ECC1E2252EBF}.Release|Any CPU.ActiveCfg = Release|Any CPU
		{CF5D026F-783C-4E8C-BAA9-ECC1E2252EBF}.Release|Any CPU.Build.0 = Release|Any CPU
	EndGlobalSection
	GlobalSection(SolutionProperties) = preSolution
		HideSolutionNode = FALSE
	EndGlobalSection
	GlobalSection(ExtensibilityGlobals) = postSolution
		SolutionGuid = {9979C41A-DBFD-4E8E-868F-46F712907C4A}
	EndGlobalSection
EndGlobal
